PODS:
  - Alamofire (4.7.2)
  - AlamofireNetworkActivityIndicator (2.2.1):
    - Alamofire (~> 4.7)
  - Cache (4.2.0)
  - Disk (0.3.3)
  - IGListKit (3.4.0):
    - IGListKit/Default (= 3.4.0)
  - IGListKit/Default (3.4.0):
    - IGListKit/Diffing
  - IGListKit/Diffing (3.4.0)
  - ObjectMapper (3.2.0)
  - PromiseKit (6.2.8):
    - PromiseKit/CorePromise (= 6.2.8)
    - PromiseKit/Foundation (= 6.2.8)
    - PromiseKit/UIKit (= 6.2.8)
  - PromiseKit/CorePromise (6.2.8)
  - PromiseKit/Foundation (6.2.8):
    - PromiseKit/CorePromise
  - PromiseKit/UIKit (6.2.8):
    - PromiseKit/CorePromise

DEPENDENCIES:
  - Alamofire (~> 4.7)
  - AlamofireNetworkActivityIndicator (~> 2.2)
  - Cache (~> 4.2)
  - Disk (~> 0.3)
  - IGListKit (= 3.4.0)
  - ObjectMapper (~> 3.1)
  - PromiseKit (~> 6.2)

SPEC REPOS:
  https://github.com/cocoapods/specs.git:
    - Alamofire
    - AlamofireNetworkActivityIndicator
    - Cache
    - Disk
    - IGListKit
    - ObjectMapper
    - PromiseKit

SPEC CHECKSUMS:
  Alamofire: e4fa87002c137ba2d8d634d2c51fabcda0d5c223
  AlamofireNetworkActivityIndicator: aeac50e6ecb78ec71a5f1f29098bcf4ec2962910
  Cache: f28f8dd64b632155aabf9b3906b036a659048251
  Disk: d1f55cd61f6ca20f368232d0c6e37e3c3dfcb63e
  IGListKit: 7a5d788e9fb746bcd402baa8e8b24bc3bd2a5a07
  ObjectMapper: 5cccd2de6f253eda859df8116a5a554d9769e859
  PromiseKit: 6788ce1a0ed5448b83d4aaf56b9fc49fb7647d32

PODFILE CHECKSUM: 4a12656a5f300f5721bfd6208dffbb7aa5c6035f

COCOAPODS: 1.5.3
