PODS:
  - Alamofire (4.7.2)
  - AlamofireNetworkActivityIndicator (2.2.0):
    - Alamofire (~> 4.5)
  - Cache (4.2.0)
  - ObjectMapper (3.1.0)

DEPENDENCIES:
  - Alamofire (= 4.7.2)
  - AlamofireNetworkActivityIndicator (= 2.2.0)
  - Cache (= 4.2.0)
  - ObjectMapper (= 3.1.0)

SPEC REPOS:
  https://github.com/cocoapods/specs.git:
    - Alamofire
    - AlamofireNetworkActivityIndicator
    - Cache
    - ObjectMapper

SPEC CHECKSUMS:
  Alamofire: e4fa87002c137ba2d8d634d2c51fabcda0d5c223
  AlamofireNetworkActivityIndicator: 81e1630e7cfed22a4e4e82a174c59e651dc4f8ca
  Cache: f28f8dd64b632155aabf9b3906b036a659048251
  ObjectMapper: 20505058f54e5c3ca69e1d6de9897d152a5369a6

PODFILE CHECKSUM: 403d729c21c6374d84cd12c254c1c9070d8253f3

COCOAPODS: 1.5.2
