PODS:
  - Alamofire (4.8.0)
  - AlamofireNetworkActivityIndicator (2.3.0):
    - Alamofire (~> 4.7)
  - Cache (5.2.0)
  - Disk (0.4.0)
  - IGListKit (3.4.0):
    - IGListKit/Default (= 3.4.0)
  - IGListKit/Default (3.4.0):
    - IGListKit/Diffing
  - IGListKit/Diffing (3.4.0)
  - ObjectMapper (3.4.2)
  - PromiseKit (6.7.0):
    - PromiseKit/CorePromise (= 6.7.0)
    - PromiseKit/Foundation (= 6.7.0)
    - PromiseKit/UIKit (= 6.7.0)
  - PromiseKit/CorePromise (6.7.0)
  - PromiseKit/Foundation (6.7.0):
    - PromiseKit/CorePromise
  - PromiseKit/UIKit (6.7.0):
    - PromiseKit/CorePromise

DEPENDENCIES:
  - Alamofire (~> 4.7)
  - AlamofireNetworkActivityIndicator (~> 2.3)
  - Cache (~> 5.2)
  - Disk (~> 0.4)
  - IGListKit (= 3.4.0)
  - ObjectMapper (~> 3.4)
  - PromiseKit (~> 6.7)

SPEC REPOS:
  https://github.com/cocoapods/specs.git:
    - Alamofire
    - AlamofireNetworkActivityIndicator
    - Cache
    - Disk
    - IGListKit
    - ObjectMapper
    - PromiseKit

SPEC CHECKSUMS:
  Alamofire: 3ec537f71edc9804815215393ae2b1a8ea33a844
  AlamofireNetworkActivityIndicator: 18346ff6d770d9513d0ac6f2d99706f40f93dbaa
  Cache: 807c5d86d01a177f06ede9865add3aea269bbfd4
  Disk: ef2956657d5bb56034b38b29b352170165226440
  IGListKit: 7a5d788e9fb746bcd402baa8e8b24bc3bd2a5a07
  ObjectMapper: 0d4402610f4e468903ae64629eec4784531e5c51
  PromiseKit: 453ddcc947fe7b302f3ef41882b81d31c554df7f

PODFILE CHECKSUM: 25afe4224146abadde05fcbd6f141b12f890f467

COCOAPODS: 1.6.0.beta.2
